{
    "_readme": [
        "This file locks the dependencies of your project to a known state",
        "Read more about it at https://getcomposer.org/doc/01-basic-usage.md#installing-dependencies",
        "This file is @generated automatically"
    ],
    "content-hash": "e4218a8413e3d58e72c6cceaa5a0960d",
    "packages": [
        {
            "name": "composer/installers",
            "version": "v1.8.0",
            "source": {
                "type": "git",
                "url": "https://github.com/composer/installers.git",
                "reference": "7d610d50aae61ae7ed6675e58efeabdf279bb5e3"
            },
            "dist": {
                "type": "zip",
                "url": "https://api.github.com/repos/composer/installers/zipball/7d610d50aae61ae7ed6675e58efeabdf279bb5e3",
                "reference": "7d610d50aae61ae7ed6675e58efeabdf279bb5e3",
                "shasum": ""
            },
            "require": {
                "composer-plugin-api": "^1.0"
            },
            "replace": {
                "roundcube/plugin-installer": "*",
                "shama/baton": "*"
            },
            "require-dev": {
                "composer/composer": "1.0.*@dev",
                "phpunit/phpunit": "^4.8.36"
            },
            "type": "composer-plugin",
            "extra": {
                "class": "Composer\\Installers\\Plugin",
                "branch-alias": {
                    "dev-master": "1.0-dev"
                }
            },
            "autoload": {
                "psr-4": {
                    "Composer\\Installers\\": "src/Composer/Installers"
                }
            },
            "notification-url": "https://packagist.org/downloads/",
            "license": [
                "MIT"
            ],
            "authors": [
                {
                    "name": "Kyle Robinson Young",
                    "email": "kyle@dontkry.com",
                    "homepage": "https://github.com/shama"
                }
            ],
            "description": "A multi-framework Composer library installer",
            "homepage": "https://composer.github.io/installers/",
            "keywords": [
                "Craft",
                "Dolibarr",
                "Eliasis",
                "Hurad",
                "ImageCMS",
                "Kanboard",
                "Lan Management System",
                "MODX Evo",
                "MantisBT",
                "Mautic",
                "Maya",
                "OXID",
                "Plentymarkets",
                "Porto",
                "RadPHP",
                "SMF",
                "Thelia",
                "Whmcs",
                "WolfCMS",
                "agl",
                "aimeos",
                "annotatecms",
                "attogram",
                "bitrix",
                "cakephp",
                "chef",
                "cockpit",
                "codeigniter",
                "concrete5",
                "croogo",
                "dokuwiki",
                "drupal",
                "eZ Platform",
                "elgg",
                "expressionengine",
                "fuelphp",
                "grav",
                "installer",
                "itop",
                "joomla",
                "known",
                "kohana",
                "laravel",
                "lavalite",
                "lithium",
                "magento",
                "majima",
                "mako",
                "mediawiki",
                "modulework",
                "modx",
                "moodle",
                "osclass",
                "phpbb",
                "piwik",
                "ppi",
                "puppet",
                "pxcms",
                "reindex",
                "roundcube",
                "shopware",
                "silverstripe",
                "sydes",
                "sylius",
                "symfony",
                "typo3",
                "wordpress",
                "yawik",
                "zend",
                "zikula"
            ],
            "time": "2020-02-07T10:39:20+00:00"
        },
        {
            "name": "liqpay/liqpay",
            "version": "v1.2.3",
            "source": {
                "type": "git",
                "url": "https://github.com/liqpay/sdk-php.git",
                "reference": "43d8e690fe68a778d9743cfa1b8bf0061ab46538"
            },
            "dist": {
                "type": "zip",
                "url": "https://api.github.com/repos/liqpay/sdk-php/zipball/43d8e690fe68a778d9743cfa1b8bf0061ab46538",
                "reference": "43d8e690fe68a778d9743cfa1b8bf0061ab46538",
                "shasum": ""
            },
            "require": {
                "php": ">=5.3.0"
            },
            "type": "library",
            "autoload": {
                "classmap": [
                    "./LiqPay.php"
                ]
            },
            "notification-url": "https://packagist.org/downloads/",
            "license": [
                "OSL 3.0"
            ],
            "authors": [
                {
                    "name": "Liqpay",
                    "email": "support@liqpay.ua",
                    "homepage": "https://www.liqpay.ua/",
                    "role": "Developer"
                }
            ],
            "description": "SDK for Liqpay",
            "homepage": "https://github.com/liqpay/sdk-php",
            "keywords": [
                "liqpay",
                "pay"
            ],
            "time": "2017-10-26T19:16:56+00:00"
        },
        {
            "name": "stripe/stripe-php",
            "version": "v7.27.2",
            "source": {
                "type": "git",
                "url": "https://github.com/stripe/stripe-php.git",
                "reference": "e3f37892c709f9318aa0e619511b858a3668165b"
            },
            "dist": {
                "type": "zip",
                "url": "https://api.github.com/repos/stripe/stripe-php/zipball/e3f37892c709f9318aa0e619511b858a3668165b",
                "reference": "e3f37892c709f9318aa0e619511b858a3668165b",
                "shasum": ""
            },
            "require": {
                "ext-curl": "*",
                "ext-json": "*",
                "ext-mbstring": "*",
                "php": ">=5.6.0"
            },
            "require-dev": {
                "friendsofphp/php-cs-fixer": "^2.15",
                "php-coveralls/php-coveralls": "^2.1",
                "phpunit/phpunit": "^5.7",
                "squizlabs/php_codesniffer": "^3.3",
                "symfony/process": "~3.4"
            },
            "type": "library",
            "extra": {
                "branch-alias": {
                    "dev-master": "2.0-dev"
                }
            },
            "autoload": {
                "psr-4": {
                    "Stripe\\": "lib/"
                }
            },
            "notification-url": "https://packagist.org/downloads/",
            "license": [
                "MIT"
            ],
            "authors": [
                {
                    "name": "Stripe and contributors",
                    "homepage": "https://github.com/stripe/stripe-php/contributors"
                }
            ],
            "description": "Stripe PHP Library",
            "homepage": "https://stripe.com/",
            "keywords": [
                "api",
                "payment processing",
                "stripe"
            ],
            "time": "2020-03-13T18:40:27+00:00"
        },
        {
            "name": "wpscholar/wp-async-defer-scripts",
            "version": "1.1",
            "source": {
                "type": "git",
                "url": "https://github.com/wpscholar/wp-async-defer-scripts.git",
                "reference": "f2d8199b90eb3f8f86cfac8af6f25e2378ba3fac"
            },
            "dist": {
                "type": "zip",
                "url": "https://api.github.com/repos/wpscholar/wp-async-defer-scripts/zipball/f2d8199b90eb3f8f86cfac8af6f25e2378ba3fac",
                "reference": "f2d8199b90eb3f8f86cfac8af6f25e2378ba3fac",
                "shasum": ""
            },
            "type": "library",
            "autoload": {
                "files": [
                    "functions.php"
                ],
                "psr-4": {
                    "wpscholar\\WordPress\\": ""
                }
            },
            "notification-url": "https://packagist.org/downloads/",
            "license": [
                "GPL-2.0+"
            ],
            "authors": [
                {
                    "name": "Micah Wood",
                    "email": "micah@wpscholar.com"
                }
            ],
            "time": "2017-11-06T16:13:37+00:00"
        }
    ],
    "packages-dev": [],
    "aliases": [],
    "minimum-stability": "stable",
    "stability-flags": [],
    "prefer-stable": false,
    "prefer-lowest": false,
    "platform": [],
    "platform-dev": [],
    "plugin-api-version": "1.1.0"
}
